
Microsoft Visual Studio Solution File, Format Version 12.00
# Visual Studio Version 17
VisualStudioVersion = 17.0.32014.148
MinimumVisualStudioVersion = 10.0.40219.1
Project("{9A19103F-16F7-4668-BE54-9A1E7A4F7556}") = "Gosund Plug Remote Switch", "VRControl\Gosund Plug Remote Switch.csproj", "{CA551C80-ADAB-4782-ABAD-76DA404621EA}"
EndProject
Global
	GlobalSection(SolutionConfigurationPlatforms) = preSolution
		Debug|Any CPU = Debug|Any CPU
		Release|Any CPU = Release|Any CPU
	EndGlobalSection
	GlobalSection(ProjectConfigurationPlatforms) = postSolution
		{CA551C80-ADAB-4782-ABAD-76DA404621EA}.Debug|Any CPU.ActiveCfg = Debug|Any CPU
		{CA551C80-ADAB-4782-ABAD-76DA404621EA}.Debug|Any CPU.Build.0 = Debug|Any CPU
		{CA551C80-ADAB-4782-ABAD-76DA404621EA}.Release|Any CPU.ActiveCfg = Release|Any CPU
		{CA551C80-ADAB-4782-ABAD-76DA404621EA}.Release|Any CPU.Build.0 = Release|Any CPU
	EndGlobalSection
	GlobalSection(SolutionProperties) = preSolution
		HideSolutionNode = FALSE
	EndGlobalSection
	GlobalSection(ExtensibilityGlobals) = postSolution
		SolutionGuid = {D488BDFE-6C97-49C6-8E70-4D0F27CA25B7}
	EndGlobalSection
EndGlobal
